
Microsoft Visual Studio Solution File, Format Version 12.00
# Visual Studio 15
VisualStudioVersion = 15.0.26730.12
MinimumVisualStudioVersion = 10.0.40219.1
Project("{FAE04EC0-301F-11D3-BF4B-00C04F79EFBC}") = "Connect", "Connect\Connect.csproj", "{303E66C4-A89D-43C7-AA70-B3271CA9CBDF}"
EndProject
Global
	GlobalSection(SolutionConfigurationPlatforms) = preSolution
		Debug|Any CPU = Debug|Any CPU
		Debug|x64 = Debug|x64
		Release|Any CPU = Release|Any CPU
		Release|x64 = Release|x64
	EndGlobalSection
	GlobalSection(ProjectConfigurationPlatforms) = postSolution
		{303E66C4-A89D-43C7-AA70-B3271CA9CBDF}.Debug|Any CPU.ActiveCfg = Debug|Any CPU
		{303E66C4-A89D-43C7-AA70-B3271CA9CBDF}.Debug|Any CPU.Build.0 = Debug|Any CPU
		{303E66C4-A89D-43C7-AA70-B3271CA9CBDF}.Debug|x64.ActiveCfg = Debug|x64
		{303E66C4-A89D-43C7-AA70-B3271CA9CBDF}.Debug|x64.Build.0 = Debug|x64
		{303E66C4-A89D-43C7-AA70-B3271CA9CBDF}.Release|Any CPU.ActiveCfg = Release|Any CPU
		{303E66C4-A89D-43C7-AA70-B3271CA9CBDF}.Release|Any CPU.Build.0 = Release|Any CPU
		{303E66C4-A89D-43C7-AA70-B3271CA9CBDF}.Release|x64.ActiveCfg = Release|x64
		{303E66C4-A89D-43C7-AA70-B3271CA9CBDF}.Release|x64.Build.0 = Release|x64
	EndGlobalSection
	GlobalSection(SolutionProperties) = preSolution
		HideSolutionNode = FALSE
	EndGlobalSection
	GlobalSection(ExtensibilityGlobals) = postSolution
		SolutionGuid = {5B020E9E-E6A9-44FB-984F-B17676250A01}
	EndGlobalSection
EndGlobal
